
Microsoft Visual Studio Solution File, Format Version 12.00
# Visual Studio Version 17
VisualStudioVersion = 17.3.32929.385
MinimumVisualStudioVersion = 10.0.40219.1
Project("{FAE04EC0-301F-11D3-BF4B-00C04F79EFBC}") = "Dotnet-RPG6", "Dotnet-RPG6.csproj", "{5D47EBD5-CBA4-4C46-85FE-1488C3CAF0EE}"
EndProject
Global
	GlobalSection(SolutionConfigurationPlatforms) = preSolution
		Debug|Any CPU = Debug|Any CPU
		Release|Any CPU = Release|Any CPU
	EndGlobalSection
	GlobalSection(ProjectConfigurationPlatforms) = postSolution
		{5D47EBD5-CBA4-4C46-85FE-1488C3CAF0EE}.Debug|Any CPU.ActiveCfg = Debug|Any CPU
		{5D47EBD5-CBA4-4C46-85FE-1488C3CAF0EE}.Debug|Any CPU.Build.0 = Debug|Any CPU
		{5D47EBD5-CBA4-4C46-85FE-1488C3CAF0EE}.Release|Any CPU.ActiveCfg = Release|Any CPU
		{5D47EBD5-CBA4-4C46-85FE-1488C3CAF0EE}.Release|Any CPU.Build.0 = Release|Any CPU
	EndGlobalSection
	GlobalSection(SolutionProperties) = preSolution
		HideSolutionNode = FALSE
	EndGlobalSection
	GlobalSection(ExtensibilityGlobals) = postSolution
		SolutionGuid = {F2A75F30-EA95-436C-A6CE-4C7904BD2C42}
	EndGlobalSection
EndGlobal
